
Microsoft Visual Studio Solution File, Format Version 12.00
# Visual Studio Version 17
VisualStudioVersion = 17.10.35027.167
MinimumVisualStudioVersion = 10.0.40219.1
Project("{2150E333-8FDC-42A3-9474-1A3956D46DE8}") = "ListClass", "ListClass", "{4149A4AD-9CD4-4007-8767-4E6A33CD8320}"
EndProject
Project("{FAE04EC0-301F-11D3-BF4B-00C04F79EFBC}") = "List", "src\List1\List.csproj", "{5445FE1F-0F08-43CC-ADBB-1F258FBD61E4}"
EndProject
Project("{FAE04EC0-301F-11D3-BF4B-00C04F79EFBC}") = "ListTest", "tests\ListTest\ListTest.csproj", "{7F40E142-A966-4716-BD0E-54BE7465663A}"
EndProject
Global
	GlobalSection(SolutionConfigurationPlatforms) = preSolution
		Debug|Any CPU = Debug|Any CPU
		Release|Any CPU = Release|Any CPU
	EndGlobalSection
	GlobalSection(ProjectConfigurationPlatforms) = postSolution
		{5445FE1F-0F08-43CC-ADBB-1F258FBD61E4}.Debug|Any CPU.ActiveCfg = Debug|Any CPU
		{5445FE1F-0F08-43CC-ADBB-1F258FBD61E4}.Debug|Any CPU.Build.0 = Debug|Any CPU
		{5445FE1F-0F08-43CC-ADBB-1F258FBD61E4}.Release|Any CPU.ActiveCfg = Release|Any CPU
		{5445FE1F-0F08-43CC-ADBB-1F258FBD61E4}.Release|Any CPU.Build.0 = Release|Any CPU
		{7F40E142-A966-4716-BD0E-54BE7465663A}.Debug|Any CPU.ActiveCfg = Debug|Any CPU
		{7F40E142-A966-4716-BD0E-54BE7465663A}.Debug|Any CPU.Build.0 = Debug|Any CPU
		{7F40E142-A966-4716-BD0E-54BE7465663A}.Release|Any CPU.ActiveCfg = Release|Any CPU
		{7F40E142-A966-4716-BD0E-54BE7465663A}.Release|Any CPU.Build.0 = Release|Any CPU
	EndGlobalSection
	GlobalSection(SolutionProperties) = preSolution
		HideSolutionNode = FALSE
	EndGlobalSection
	GlobalSection(ExtensibilityGlobals) = postSolution
		SolutionGuid = {973452AC-B276-4B3D-8543-FB962DF10FB8}
	EndGlobalSection
EndGlobal
